
Microsoft Visual Studio Solution File, Format Version 12.00
# Visual Studio 15
VisualStudioVersion = 15.0.26730.16
MinimumVisualStudioVersion = 10.0.40219.1
Project("{FAE04EC0-301F-11D3-BF4B-00C04F79EFBC}") = "TicTacToe_ConsoleApp", "TicTacToe_ConsoleApp.csproj", "{6570F504-16E7-42C3-BB5A-5A9E89DFC953}"
EndProject
Global
	GlobalSection(SolutionConfigurationPlatforms) = preSolution
		Debug|Any CPU = Debug|Any CPU
		Release|Any CPU = Release|Any CPU
	EndGlobalSection
	GlobalSection(ProjectConfigurationPlatforms) = postSolution
		{6570F504-16E7-42C3-BB5A-5A9E89DFC953}.Debug|Any CPU.ActiveCfg = Debug|Any CPU
		{6570F504-16E7-42C3-BB5A-5A9E89DFC953}.Debug|Any CPU.Build.0 = Debug|Any CPU
		{6570F504-16E7-42C3-BB5A-5A9E89DFC953}.Release|Any CPU.ActiveCfg = Release|Any CPU
		{6570F504-16E7-42C3-BB5A-5A9E89DFC953}.Release|Any CPU.Build.0 = Release|Any CPU
	EndGlobalSection
	GlobalSection(SolutionProperties) = preSolution
		HideSolutionNode = FALSE
	EndGlobalSection
	GlobalSection(ExtensibilityGlobals) = postSolution
		SolutionGuid = {BA26072E-73B6-4825-8935-80BE70765735}
	EndGlobalSection
EndGlobal
